
Microsoft Visual Studio Solution File, Format Version 12.00
# Visual Studio Version 17
VisualStudioVersion = 17.14.36518.9 d17.14
MinimumVisualStudioVersion = 10.0.40219.1
Project("{FAE04EC0-301F-11D3-BF4B-00C04F79EFBC}") = "Sysetec", "Sysetec\Sysetec.csproj", "{B9923078-06B6-4A86-A889-FEE0CF412424}"
EndProject
Global
	GlobalSection(SolutionConfigurationPlatforms) = preSolution
		Debug|Any CPU = Debug|Any CPU
		Release|Any CPU = Release|Any CPU
	EndGlobalSection
	GlobalSection(ProjectConfigurationPlatforms) = postSolution
		{B9923078-06B6-4A86-A889-FEE0CF412424}.Debug|Any CPU.ActiveCfg = Debug|Any CPU
		{B9923078-06B6-4A86-A889-FEE0CF412424}.Debug|Any CPU.Build.0 = Debug|Any CPU
		{B9923078-06B6-4A86-A889-FEE0CF412424}.Release|Any CPU.ActiveCfg = Release|Any CPU
		{B9923078-06B6-4A86-A889-FEE0CF412424}.Release|Any CPU.Build.0 = Release|Any CPU
	EndGlobalSection
	GlobalSection(SolutionProperties) = preSolution
		HideSolutionNode = FALSE
	EndGlobalSection
	GlobalSection(ExtensibilityGlobals) = postSolution
		SolutionGuid = {6D2252DA-C958-4E7D-B8F5-6B5C0CEBDE8E}
	EndGlobalSection
EndGlobal
